
Microsoft Visual Studio Solution File, Format Version 12.00
# Visual Studio Version 17
VisualStudioVersion = 17.4.33403.182
MinimumVisualStudioVersion = 10.0.40219.1
Project("{FAE04EC0-301F-11D3-BF4B-00C04F79EFBC}") = "Projeto_Enums_composicao", "Projeto_Enums_composicao\Projeto_Enums_composicao.csproj", "{90309E8D-CC7B-4724-8E83-A51D5ED2979B}"
EndProject
Global
	GlobalSection(SolutionConfigurationPlatforms) = preSolution
		Debug|Any CPU = Debug|Any CPU
		Release|Any CPU = Release|Any CPU
	EndGlobalSection
	GlobalSection(ProjectConfigurationPlatforms) = postSolution
		{90309E8D-CC7B-4724-8E83-A51D5ED2979B}.Debug|Any CPU.ActiveCfg = Debug|Any CPU
		{90309E8D-CC7B-4724-8E83-A51D5ED2979B}.Debug|Any CPU.Build.0 = Debug|Any CPU
		{90309E8D-CC7B-4724-8E83-A51D5ED2979B}.Release|Any CPU.ActiveCfg = Release|Any CPU
		{90309E8D-CC7B-4724-8E83-A51D5ED2979B}.Release|Any CPU.Build.0 = Release|Any CPU
	EndGlobalSection
	GlobalSection(SolutionProperties) = preSolution
		HideSolutionNode = FALSE
	EndGlobalSection
	GlobalSection(ExtensibilityGlobals) = postSolution
		SolutionGuid = {77822D9D-1A7C-4354-B8FD-BB83347B72D2}
	EndGlobalSection
EndGlobal
